Microsoft Visual Studio Solution File, Format Version 11.00
# Visual Studio 2008

Project("{284A6C45-B86D-F6E9-7882-C6F66F8BFFF0}") = "suddenforce", "Assembly-CSharp-firstpass.csproj", "{5CD12FB3-5810-561D-AFA4-7E645873A8FB}"
EndProject
Project("{284A6C45-B86D-F6E9-7882-C6F66F8BFFF0}") = "suddenforce", "Assembly-CSharp.csproj", "{D513462A-85C4-D672-CCE8-20676173D255}"
EndProject
Project("{284A6C45-B86D-F6E9-7882-C6F66F8BFFF0}") = "suddenforce", "Assembly-CSharp-Editor.csproj", "{F9CECC4E-D8F5-F0F0-780F-0879388F7CC7}"
EndProject
Global
	GlobalSection(SolutionConfigurationPlatforms) = preSolution
		Debug|Any CPU = Debug|Any CPU
		Release|Any CPU = Release|Any CPU
	EndGlobalSection
	GlobalSection(ProjectConfigurationPlatforms) = postSolution
		{5CD12FB3-5810-561D-AFA4-7E645873A8FB}.Debug|Any CPU.ActiveCfg = Debug|Any CPU
		{5CD12FB3-5810-561D-AFA4-7E645873A8FB}.Debug|Any CPU.Build.0 = Debug|Any CPU
		{5CD12FB3-5810-561D-AFA4-7E645873A8FB}.Release|Any CPU.ActiveCfg = Release|Any CPU
		{5CD12FB3-5810-561D-AFA4-7E645873A8FB}.Release|Any CPU.Build.0 = Release|Any CPU
		{D513462A-85C4-D672-CCE8-20676173D255}.Debug|Any CPU.ActiveCfg = Debug|Any CPU
		{D513462A-85C4-D672-CCE8-20676173D255}.Debug|Any CPU.Build.0 = Debug|Any CPU
		{D513462A-85C4-D672-CCE8-20676173D255}.Release|Any CPU.ActiveCfg = Release|Any CPU
		{D513462A-85C4-D672-CCE8-20676173D255}.Release|Any CPU.Build.0 = Release|Any CPU
		{F9CECC4E-D8F5-F0F0-780F-0879388F7CC7}.Debug|Any CPU.ActiveCfg = Debug|Any CPU
		{F9CECC4E-D8F5-F0F0-780F-0879388F7CC7}.Debug|Any CPU.Build.0 = Debug|Any CPU
		{F9CECC4E-D8F5-F0F0-780F-0879388F7CC7}.Release|Any CPU.ActiveCfg = Release|Any CPU
		{F9CECC4E-D8F5-F0F0-780F-0879388F7CC7}.Release|Any CPU.Build.0 = Release|Any CPU
	EndGlobalSection
	GlobalSection(SolutionProperties) = preSolution
		HideSolutionNode = FALSE
	EndGlobalSection
																																																																																																																																																																																																																																						GlobalSection(MonoDevelopProperties) = preSolution
		StartupItem = Assembly-CSharp.csproj
		Policies = $0
		$0.TextStylePolicy = $1
		$1.inheritsSet = null
		$1.scope = text/x-csharp
		$0.CSharpFormattingPolicy = $2
		$2.inheritsSet = Mono
		$2.inheritsScope = text/x-csharp
		$2.scope = text/x-csharp
		$0.TextStylePolicy = $3
		$3.FileWidth = 120
		$3.TabWidth = 4
		$3.IndentWidth = 4
		$3.EolMarker = Unix
		$3.inheritsSet = Mono
		$3.inheritsScope = text/plain
		$3.scope = text/plain
	EndGlobalSection

EndGlobal
